
Microsoft Visual Studio Solution File, Format Version 12.00
Project("{FAE04EC0-301F-11D3-BF4B-00C04F79EFBC}") = "ConcatStringsProject", "ConcatStringsProject\ConcatStringsProject.csproj", "{E011591A-D6E1-4186-8ADA-1885E5C69592}"
EndProject
Project("{FAE04EC0-301F-11D3-BF4B-00C04F79EFBC}") = "ConcatStringsClassLibrary", "ConcatStringsClassLibrary\ConcatStringsClassLibrary.csproj", "{E00FD431-46FD-4AE4-9AE3-308E5B67629C}"
EndProject
Global
	GlobalSection(SolutionConfigurationPlatforms) = preSolution
		Debug|Any CPU = Debug|Any CPU
		Release|Any CPU = Release|Any CPU
	EndGlobalSection
	GlobalSection(ProjectConfigurationPlatforms) = postSolution
		{E011591A-D6E1-4186-8ADA-1885E5C69592}.Debug|Any CPU.ActiveCfg = Debug|Any CPU
		{E011591A-D6E1-4186-8ADA-1885E5C69592}.Debug|Any CPU.Build.0 = Debug|Any CPU
		{E011591A-D6E1-4186-8ADA-1885E5C69592}.Release|Any CPU.ActiveCfg = Release|Any CPU
		{E011591A-D6E1-4186-8ADA-1885E5C69592}.Release|Any CPU.Build.0 = Release|Any CPU
		{E00FD431-46FD-4AE4-9AE3-308E5B67629C}.Debug|Any CPU.ActiveCfg = Debug|Any CPU
		{E00FD431-46FD-4AE4-9AE3-308E5B67629C}.Debug|Any CPU.Build.0 = Debug|Any CPU
		{E00FD431-46FD-4AE4-9AE3-308E5B67629C}.Release|Any CPU.ActiveCfg = Release|Any CPU
		{E00FD431-46FD-4AE4-9AE3-308E5B67629C}.Release|Any CPU.Build.0 = Release|Any CPU
	EndGlobalSection
EndGlobal
